// !$*UTF8*$!
{
	archiveVersion = 1;
	classes = {
	};
	objectVersion = 77;
	objects = {

/* Begin PBXBuildFile section */
		1EA72A952FD815BE00FC5BC6 /* WebRTC.xcframework in Frameworks */ = {isa = PBXBuildFile; fileRef = 1EA72A942FD815BE00FC5BC6 /* WebRTC.xcframework */; };
		1EA72A962FD815BE00FC5BC6 /* WebRTC.xcframework in Embed Frameworks */ = {isa = PBXBuildFile; fileRef = 1EA72A942FD815BE00FC5BC6 /* WebRTC.xcframework */; settings = {ATTRIBUTES = (CodeSignOnCopy, RemoveHeadersOnCopy, ); }; };
		B10000012FE0000000000001 /* Containerization in Frameworks */ = {isa = PBXBuildFile; productRef = B10000012FE0000000000011 /* Containerization */; };
		B10000012FE0000000000002 /* ContainerizationArchive in Frameworks */ = {isa = PBXBuildFile; productRef = B10000012FE0000000000012 /* ContainerizationArchive */; };
		B10000012FE0000000000003 /* ContainerizationExtras in Frameworks */ = {isa = PBXBuildFile; productRef = B10000012FE0000000000013 /* ContainerizationExtras */; };
		F0A1B2C32FD6000000000001 /* MLXAudioCore in Frameworks */ = {isa = PBXBuildFile; productRef = F0A1B2C32FD6000000000011 /* MLXAudioCore */; };
		F0A1B2C32FD6000000000002 /* MLXAudioVAD in Frameworks */ = {isa = PBXBuildFile; productRef = F0A1B2C32FD6000000000012 /* MLXAudioVAD */; };
		F0A1B2C32FD6000000000003 /* HuggingFace in Frameworks */ = {isa = PBXBuildFile; productRef = F0A1B2C32FD6000000000013 /* HuggingFace */; };
/* End PBXBuildFile section */

/* Begin PBXContainerItemProxy section */
		1EF1C5FB2FD0B8620011923D /* PBXContainerItemProxy */ = {
			isa = PBXContainerItemProxy;
			containerPortal = 1EF1C5E52FD0B8610011923D /* Project object */;
			proxyType = 1;
			remoteGlobalIDString = 1EF1C5EC2FD0B8610011923D;
			remoteInfo = "glosos-macOS";
		};
/* End PBXContainerItemProxy section */

/* Begin PBXCopyFilesBuildPhase section */
		1EA72A972FD815BE00FC5BC6 /* Embed Frameworks */ = {
			isa = PBXCopyFilesBuildPhase;
			buildActionMask = 2147483647;
			dstPath = "";
			dstSubfolderSpec = 10;
			files = (
				1EA72A962FD815BE00FC5BC6 /* WebRTC.xcframework in Embed Frameworks */,
			);
			name = "Embed Frameworks";
			runOnlyForDeploymentPostprocessing = 0;
		};
/* End PBXCopyFilesBuildPhase section */

/* Begin PBXFileReference section */
		1EA72A942FD815BE00FC5BC6 /* WebRTC.xcframework */ = {isa = PBXFileReference; expectedSignature = "AppleDeveloperProgram:EHV7XZLAHA:Stream.io Inc"; lastKnownFileType = wrapper.xcframework; name = WebRTC.xcframework; path = Frameworks/WebRTC.xcframework; sourceTree = "<group>"; };
		1EF1C5ED2FD0B8610011923D /* glosos-macOS.app */ = {isa = PBXFileReference; explicitFileType = wrapper.application; includeInIndex = 0; path = "glosos-macOS.app"; sourceTree = BUILT_PRODUCTS_DIR; };
		1EF1C5FA2FD0B8620011923D /* glosos-macOSTests.xctest */ = {isa = PBXFileReference; explicitFileType = wrapper.cfbundle; includeInIndex = 0; path = "glosos-macOSTests.xctest"; sourceTree = BUILT_PRODUCTS_DIR; };
/* End PBXFileReference section */

/* Begin PBXFileSystemSynchronizedRootGroup section */
		1EF1C5EF2FD0B8610011923D /* glosos-macOS */ = {
			isa = PBXFileSystemSynchronizedRootGroup;
			path = "glosos-macOS";
			sourceTree = "<group>";
		};
		1EF1C5FD2FD0B8620011923D /* glosos-macOSTests */ = {
			isa = PBXFileSystemSynchronizedRootGroup;
			path = "glosos-macOSTests";
			sourceTree = "<group>";
		};
/* End PBXFileSystemSynchronizedRootGroup section */

/* Begin PBXFrameworksBuildPhase section */
		1EF1C5EA2FD0B8610011923D /* Frameworks */ = {
			isa = PBXFrameworksBuildPhase;
			buildActionMask = 2147483647;
			files = (
				B10000012FE0000000000003 /* ContainerizationExtras in Frameworks */,
				B10000012FE0000000000002 /* ContainerizationArchive in Frameworks */,
				B10000012FE0000000000001 /* Containerization in Frameworks */,
				F0A1B2C32FD6000000000003 /* HuggingFace in Frameworks */,
				F0A1B2C32FD6000000000001 /* MLXAudioCore in Frameworks */,
				F0A1B2C32FD6000000000002 /* MLXAudioVAD in Frameworks */,
				1EA72A952FD815BE00FC5BC6 /* WebRTC.xcframework in Frameworks */,
			);
			runOnlyForDeploymentPostprocessing = 0;
		};
		1EF1C5F72FD0B8620011923D /* Frameworks */ = {
			isa = PBXFrameworksBuildPhase;
			buildActionMask = 2147483647;
			files = (
			);
			runOnlyForDeploymentPostprocessing = 0;
		};
/* End PBXFrameworksBuildPhase section */

/* Begin PBXGroup section */
		1EC757F82FD80D3E00D8E129 /* Frameworks */ = {
			isa = PBXGroup;
			children = (
				1EA72A942FD815BE00FC5BC6 /* WebRTC.xcframework */,
			);
			name = Frameworks;
			sourceTree = "<group>";
		};
		1EF1C5E42FD0B8610011923D = {
			isa = PBXGroup;
			children = (
				1EF1C5EF2FD0B8610011923D /* glosos-macOS */,
				1EF1C5FD2FD0B8620011923D /* glosos-macOSTests */,
				1EC757F82FD80D3E00D8E129 /* Frameworks */,
				1EF1C5EE2FD0B8610011923D /* Products */,
			);
			sourceTree = "<group>";
		};
		1EF1C5EE2FD0B8610011923D /* Products */ = {
			isa = PBXGroup;
			children = (
				1EF1C5ED2FD0B8610011923D /* glosos-macOS.app */,
				1EF1C5FA2FD0B8620011923D /* glosos-macOSTests.xctest */,
			);
			name = Products;
			sourceTree = "<group>";
		};
/* End PBXGroup section */

/* Begin PBXNativeTarget section */
		1EF1C5EC2FD0B8610011923D /* glosos-macOS */ = {
			isa = PBXNativeTarget;
			buildConfigurationList = 1EF1C60E2FD0B8620011923D /* Build configuration list for PBXNativeTarget "glosos-macOS" */;
			buildPhases = (
				1EF1C5E92FD0B8610011923D /* Sources */,
				1EF1C5EA2FD0B8610011923D /* Frameworks */,
				1EF1C5EB2FD0B8610011923D /* Resources */,
				1EA72A972FD815BE00FC5BC6 /* Embed Frameworks */,
			);
			buildRules = (
			);
			dependencies = (
			);
			fileSystemSynchronizedGroups = (
				1EF1C5EF2FD0B8610011923D /* glosos-macOS */,
			);
			name = "glosos-macOS";
			packageProductDependencies = (
				B10000012FE0000000000013 /* ContainerizationExtras */,
				B10000012FE0000000000012 /* ContainerizationArchive */,
				B10000012FE0000000000011 /* Containerization */,
				F0A1B2C32FD6000000000013 /* HuggingFace */,
				F0A1B2C32FD6000000000011 /* MLXAudioCore */,
				F0A1B2C32FD6000000000012 /* MLXAudioVAD */,
			);
			productName = "glosos-macOS";
			productReference = 1EF1C5ED2FD0B8610011923D /* glosos-macOS.app */;
			productType = "com.apple.product-type.application";
		};
		1EF1C5F92FD0B8620011923D /* glosos-macOSTests */ = {
			isa = PBXNativeTarget;
			buildConfigurationList = 1EF1C6112FD0B8620011923D /* Build configuration list for PBXNativeTarget "glosos-macOSTests" */;
			buildPhases = (
				1EF1C5F62FD0B8620011923D /* Sources */,
				1EF1C5F72FD0B8620011923D /* Frameworks */,
				1EF1C5F82FD0B8620011923D /* Resources */,
			);
			buildRules = (
			);
			dependencies = (
				1EF1C5FC2FD0B8620011923D /* PBXTargetDependency */,
			);
			fileSystemSynchronizedGroups = (
				1EF1C5FD2FD0B8620011923D /* glosos-macOSTests */,
			);
			name = "glosos-macOSTests";
			packageProductDependencies = (
			);
			productName = "glosos-macOSTests";
			productReference = 1EF1C5FA2FD0B8620011923D /* glosos-macOSTests.xctest */;
			productType = "com.apple.product-type.bundle.unit-test";
		};
/* End PBXNativeTarget section */

/* Begin PBXProject section */
		1EF1C5E52FD0B8610011923D /* Project object */ = {
			isa = PBXProject;
			attributes = {
				BuildIndependentTargetsInParallel = 1;
				LastSwiftUpdateCheck = 2630;
				LastUpgradeCheck = 2630;
				TargetAttributes = {
					1EF1C5EC2FD0B8610011923D = {
						CreatedOnToolsVersion = 26.3;
					};
					1EF1C5F92FD0B8620011923D = {
						CreatedOnToolsVersion = 26.3;
						TestTargetID = 1EF1C5EC2FD0B8610011923D;
					};
				};
			};
			buildConfigurationList = 1EF1C5E82FD0B8610011923D /* Build configuration list for PBXProject "glosos-macOS" */;
			developmentRegion = en;
			hasScannedForEncodings = 0;
			knownRegions = (
				en,
				Base,
			);
			mainGroup = 1EF1C5E42FD0B8610011923D;
			minimizedProjectReferenceProxies = 1;
			packageReferences = (
				B10000012FE0000000000021 /* XCRemoteSwiftPackageReference "containerization" */,
				F0A1B2C32FD6000000000022 /* XCRemoteSwiftPackageReference "swift-huggingface" */,
				F0A1B2C32FD6000000000021 /* XCRemoteSwiftPackageReference "mlx-audio-swift" */,
			);
			preferredProjectObjectVersion = 77;
			productRefGroup = 1EF1C5EE2FD0B8610011923D /* Products */;
			projectDirPath = "";
			projectRoot = "";
			targets = (
				1EF1C5EC2FD0B8610011923D /* glosos-macOS */,
				1EF1C5F92FD0B8620011923D /* glosos-macOSTests */,
			);
		};
/* End PBXProject section */

/* Begin PBXResourcesBuildPhase section */
		1EF1C5EB2FD0B8610011923D /* Resources */ = {
			isa = PBXResourcesBuildPhase;
			buildActionMask = 2147483647;
			files = (
			);
			runOnlyForDeploymentPostprocessing = 0;
		};
		1EF1C5F82FD0B8620011923D /* Resources */ = {
			isa = PBXResourcesBuildPhase;
			buildActionMask = 2147483647;
			files = (
			);
			runOnlyForDeploymentPostprocessing = 0;
		};
/* End PBXResourcesBuildPhase section */

/* Begin PBXSourcesBuildPhase section */
		1EF1C5E92FD0B8610011923D /* Sources */ = {
			isa = PBXSourcesBuildPhase;
			buildActionMask = 2147483647;
			files = (
			);
			runOnlyForDeploymentPostprocessing = 0;
		};
		1EF1C5F62FD0B8620011923D /* Sources */ = {
			isa = PBXSourcesBuildPhase;
			buildActionMask = 2147483647;
			files = (
			);
			runOnlyForDeploymentPostprocessing = 0;
		};
/* End PBXSourcesBuildPhase section */

/* Begin PBXTargetDependency section */
		1EF1C5FC2FD0B8620011923D /* PBXTargetDependency */ = {
			isa = PBXTargetDependency;
			target = 1EF1C5EC2FD0B8610011923D /* glosos-macOS */;
			targetProxy = 1EF1C5FB2FD0B8620011923D /* PBXContainerItemProxy */;
		};
/* End PBXTargetDependency section */

/* Begin XCBuildConfiguration section */
		1EF1C60C2FD0B8620011923D /* Debug */ = {
			isa = XCBuildConfiguration;
			buildSettings = {
				ALWAYS_SEARCH_USER_PATHS = NO;
				ASSETCATALOG_COMPILER_GENERATE_SWIFT_ASSET_SYMBOL_EXTENSIONS = YES;
				CLANG_ANALYZER_NONNULL = YES;
				CLANG_ANALYZER_NUMBER_OBJECT_CONVERSION = YES_AGGRESSIVE;
				CLANG_CXX_LANGUAGE_STANDARD = "gnu++20";
				CLANG_ENABLE_MODULES = YES;
				CLANG_ENABLE_OBJC_ARC = YES;
				CLANG_ENABLE_OBJC_WEAK = YES;
				CLANG_WARN_BLOCK_CAPTURE_AUTORELEASING = YES;
				CLANG_WARN_BOOL_CONVERSION = YES;
				CLANG_WARN_COMMA = YES;
				CLANG_WARN_CONSTANT_CONVERSION = YES;
				CLANG_WARN_DEPRECATED_OBJC_IMPLEMENTATIONS = YES;
				CLANG_WARN_DIRECT_OBJC_ISA_USAGE = YES_ERROR;
				CLANG_WARN_DOCUMENTATION_COMMENTS = YES;
				CLANG_WARN_EMPTY_BODY = YES;
				CLANG_WARN_ENUM_CONVERSION = YES;
				CLANG_WARN_INFINITE_RECURSION = YES;
				CLANG_WARN_INT_CONVERSION = YES;
				CLANG_WARN_NON_LITERAL_NULL_CONVERSION = YES;
				CLANG_WARN_OBJC_IMPLICIT_RETAIN_SELF = YES;
				CLANG_WARN_OBJC_LITERAL_CONVERSION = YES;
				CLANG_WARN_OBJC_ROOT_CLASS = YES_ERROR;
				CLANG_WARN_QUOTED_INCLUDE_IN_FRAMEWORK_HEADER = YES;
				CLANG_WARN_RANGE_LOOP_ANALYSIS = YES;
				CLANG_WARN_STRICT_PROTOTYPES = YES;
				CLANG_WARN_SUSPICIOUS_MOVE = YES;
				CLANG_WARN_UNGUARDED_AVAILABILITY = YES_AGGRESSIVE;
				CLANG_WARN_UNREACHABLE_CODE = YES;
				CLANG_WARN__DUPLICATE_METHOD_MATCH = YES;
				COPY_PHASE_STRIP = NO;
				DEBUG_INFORMATION_FORMAT = dwarf;
				DEVELOPMENT_TEAM = X5WN5QWLF8;
				ENABLE_STRICT_OBJC_MSGSEND = YES;
				ENABLE_TESTABILITY = YES;
				ENABLE_USER_SCRIPT_SANDBOXING = YES;
				GCC_C_LANGUAGE_STANDARD = gnu17;
				GCC_DYNAMIC_NO_PIC = NO;
				GCC_NO_COMMON_BLOCKS = YES;
				GCC_OPTIMIZATION_LEVEL = 0;
				GCC_PREPROCESSOR_DEFINITIONS = (
					"DEBUG=1",
					"$(inherited)",
				);
				GCC_WARN_64_TO_32_BIT_CONVERSION = YES;
				GCC_WARN_ABOUT_RETURN_TYPE = YES_ERROR;
				GCC_WARN_UNDECLARED_SELECTOR = YES;
				GCC_WARN_UNINITIALIZED_AUTOS = YES_AGGRESSIVE;
				GCC_WARN_UNUSED_FUNCTION = YES;
				GCC_WARN_UNUSED_VARIABLE = YES;
				LOCALIZATION_PREFERS_STRING_CATALOGS = YES;
				MACOSX_DEPLOYMENT_TARGET = 26.2;
				MTL_ENABLE_DEBUG_INFO = INCLUDE_SOURCE;
				MTL_FAST_MATH = YES;
				ARCHS = arm64;
				ONLY_ACTIVE_ARCH = YES;
				SDKROOT = macosx;
				SWIFT_ACTIVE_COMPILATION_CONDITIONS = "DEBUG $(inherited)";
				SWIFT_OPTIMIZATION_LEVEL = "-Onone";
			};
			name = Debug;
		};
		1EF1C60D2FD0B8620011923D /* Release */ = {
			isa = XCBuildConfiguration;
			buildSettings = {
				ALWAYS_SEARCH_USER_PATHS = NO;
				ASSETCATALOG_COMPILER_GENERATE_SWIFT_ASSET_SYMBOL_EXTENSIONS = YES;
				CLANG_ANALYZER_NONNULL = YES;
				CLANG_ANALYZER_NUMBER_OBJECT_CONVERSION = YES_AGGRESSIVE;
				CLANG_CXX_LANGUAGE_STANDARD = "gnu++20";
				CLANG_ENABLE_MODULES = YES;
				CLANG_ENABLE_OBJC_ARC = YES;
				CLANG_ENABLE_OBJC_WEAK = YES;
				CLANG_WARN_BLOCK_CAPTURE_AUTORELEASING = YES;
				CLANG_WARN_BOOL_CONVERSION = YES;
				CLANG_WARN_COMMA = YES;
				CLANG_WARN_CONSTANT_CONVERSION = YES;
				CLANG_WARN_DEPRECATED_OBJC_IMPLEMENTATIONS = YES;
				CLANG_WARN_DIRECT_OBJC_ISA_USAGE = YES_ERROR;
				CLANG_WARN_DOCUMENTATION_COMMENTS = YES;
				CLANG_WARN_EMPTY_BODY = YES;
				CLANG_WARN_ENUM_CONVERSION = YES;
				CLANG_WARN_INFINITE_RECURSION = YES;
				CLANG_WARN_INT_CONVERSION = YES;
				CLANG_WARN_NON_LITERAL_NULL_CONVERSION = YES;
				CLANG_WARN_OBJC_IMPLICIT_RETAIN_SELF = YES;
				CLANG_WARN_OBJC_LITERAL_CONVERSION = YES;
				CLANG_WARN_OBJC_ROOT_CLASS = YES_ERROR;
				CLANG_WARN_QUOTED_INCLUDE_IN_FRAMEWORK_HEADER = YES;
				CLANG_WARN_RANGE_LOOP_ANALYSIS = YES;
				CLANG_WARN_STRICT_PROTOTYPES = YES;
				CLANG_WARN_SUSPICIOUS_MOVE = YES;
				CLANG_WARN_UNGUARDED_AVAILABILITY = YES_AGGRESSIVE;
				CLANG_WARN_UNREACHABLE_CODE = YES;
				CLANG_WARN__DUPLICATE_METHOD_MATCH = YES;
				COPY_PHASE_STRIP = NO;
				DEBUG_INFORMATION_FORMAT = "dwarf-with-dsym";
				DEVELOPMENT_TEAM = X5WN5QWLF8;
				ENABLE_NS_ASSERTIONS = NO;
				ENABLE_STRICT_OBJC_MSGSEND = YES;
				ENABLE_USER_SCRIPT_SANDBOXING = YES;
				GCC_C_LANGUAGE_STANDARD = gnu17;
				GCC_NO_COMMON_BLOCKS = YES;
				GCC_WARN_64_TO_32_BIT_CONVERSION = YES;
				GCC_WARN_ABOUT_RETURN_TYPE = YES_ERROR;
				GCC_WARN_UNDECLARED_SELECTOR = YES;
				GCC_WARN_UNINITIALIZED_AUTOS = YES_AGGRESSIVE;
				GCC_WARN_UNUSED_FUNCTION = YES;
				GCC_WARN_UNUSED_VARIABLE = YES;
				LOCALIZATION_PREFERS_STRING_CATALOGS = YES;
				MACOSX_DEPLOYMENT_TARGET = 26.2;
				MTL_ENABLE_DEBUG_INFO = NO;
				MTL_FAST_MATH = YES;
				ARCHS = arm64;
				SDKROOT = macosx;
				SWIFT_COMPILATION_MODE = wholemodule;
			};
			name = Release;
		};
		1EF1C60F2FD0B8620011923D /* Debug */ = {
			isa = XCBuildConfiguration;
			buildSettings = {
				ASSETCATALOG_COMPILER_APPICON_NAME = AppIcon;
				ASSETCATALOG_COMPILER_GLOBAL_ACCENT_COLOR_NAME = AccentColor;
				CODE_SIGN_ENTITLEMENTS = "glosos-macOS/glosos_macOS.entitlements";
				CODE_SIGN_IDENTITY = "Apple Development";
				CODE_SIGN_STYLE = Automatic;
				COMBINE_HIDPI_IMAGES = YES;
				CURRENT_PROJECT_VERSION = 3;
				DEVELOPMENT_TEAM = X5WN5QWLF8;
				ENABLE_APP_SANDBOX = NO;
				ENABLE_HARDENED_RUNTIME = YES;
				ENABLE_OUTGOING_NETWORK_CONNECTIONS = YES;
				ENABLE_PREVIEWS = YES;
				ENABLE_RESOURCE_ACCESS_AUDIO_INPUT = YES;
				ENABLE_USER_SELECTED_FILES = readonly;
				FRAMEWORK_SEARCH_PATHS = (
					"$(inherited)",
					"$(PROJECT_DIR)/Frameworks/WebRTC.xcframework/macos-arm64_x86_64",
				);
				GENERATE_INFOPLIST_FILE = YES;
				INFOPLIST_KEY_NSHumanReadableCopyright = "";
				INFOPLIST_KEY_NSMicrophoneUsageDescription = "Allow microphone access so the app can transcribe live speech and interrupt playback.";
				INFOPLIST_KEY_NSPersonalVoiceUsageDescription = "Allow access to your Personal Voice to synthesize text-to-speech using your own voice.";
				INFOPLIST_KEY_NSSpeechRecognitionUsageDescription = "Allow speech recognition so the app can transcribe spoken interruptions during playback.";
				LD_RUNPATH_SEARCH_PATHS = (
					"$(inherited)",
					"@executable_path/../Frameworks",
				);
				MARKETING_VERSION = 1.2.2;
				PRODUCT_BUNDLE_IDENTIFIER = com.glosos.glososmacos;
				PRODUCT_NAME = "$(TARGET_NAME)";
				PROVISIONING_PROFILE_SPECIFIER = "";
				REGISTER_APP_GROUPS = YES;
				STRING_CATALOG_GENERATE_SYMBOLS = YES;
				SWIFT_APPROACHABLE_CONCURRENCY = YES;
				SWIFT_DEFAULT_ACTOR_ISOLATION = MainActor;
				SWIFT_EMIT_LOC_STRINGS = YES;
				SWIFT_UPCOMING_FEATURE_MEMBER_IMPORT_VISIBILITY = YES;
				SWIFT_VERSION = 5.0;
			};
			name = Debug;
		};
		1EF1C6102FD0B8620011923D /* Release */ = {
			isa = XCBuildConfiguration;
			buildSettings = {
				ASSETCATALOG_COMPILER_APPICON_NAME = AppIcon;
				ASSETCATALOG_COMPILER_GLOBAL_ACCENT_COLOR_NAME = AccentColor;
				CODE_SIGN_ENTITLEMENTS = "glosos-macOS/glosos_macOS.entitlements";
				CODE_SIGN_IDENTITY = "Apple Development";
				CODE_SIGN_STYLE = Automatic;
				COMBINE_HIDPI_IMAGES = YES;
				CURRENT_PROJECT_VERSION = 3;
				DEVELOPMENT_TEAM = X5WN5QWLF8;
				ENABLE_APP_SANDBOX = NO;
				ENABLE_HARDENED_RUNTIME = YES;
				ENABLE_OUTGOING_NETWORK_CONNECTIONS = YES;
				ENABLE_PREVIEWS = YES;
				ENABLE_RESOURCE_ACCESS_AUDIO_INPUT = YES;
				ENABLE_USER_SELECTED_FILES = readonly;
				FRAMEWORK_SEARCH_PATHS = (
					"$(inherited)",
					"$(PROJECT_DIR)/Frameworks/WebRTC.xcframework/macos-arm64_x86_64",
				);
				GENERATE_INFOPLIST_FILE = YES;
				INFOPLIST_KEY_NSHumanReadableCopyright = "";
				INFOPLIST_KEY_NSMicrophoneUsageDescription = "Allow microphone access so the app can transcribe live speech and interrupt playback.";
				INFOPLIST_KEY_NSPersonalVoiceUsageDescription = "Allow access to your Personal Voice to synthesize text-to-speech using your own voice.";
				INFOPLIST_KEY_NSSpeechRecognitionUsageDescription = "Allow speech recognition so the app can transcribe spoken interruptions during playback.";
				LD_RUNPATH_SEARCH_PATHS = (
					"$(inherited)",
					"@executable_path/../Frameworks",
				);
				MARKETING_VERSION = 1.2.2;
				PRODUCT_BUNDLE_IDENTIFIER = com.glosos.glososmacos;
				PRODUCT_NAME = "$(TARGET_NAME)";
				PROVISIONING_PROFILE_SPECIFIER = "";
				REGISTER_APP_GROUPS = YES;
				STRING_CATALOG_GENERATE_SYMBOLS = YES;
				SWIFT_APPROACHABLE_CONCURRENCY = YES;
				SWIFT_DEFAULT_ACTOR_ISOLATION = MainActor;
				SWIFT_EMIT_LOC_STRINGS = YES;
				SWIFT_UPCOMING_FEATURE_MEMBER_IMPORT_VISIBILITY = YES;
				SWIFT_VERSION = 5.0;
			};
			name = Release;
		};
		1EF1C6122FD0B8620011923D /* Debug */ = {
			isa = XCBuildConfiguration;
			buildSettings = {
				BUNDLE_LOADER = "$(TEST_HOST)";
				CODE_SIGN_STYLE = Automatic;
				CURRENT_PROJECT_VERSION = 1;
				DEVELOPMENT_TEAM = X5WN5QWLF8;
				GENERATE_INFOPLIST_FILE = YES;
				MACOSX_DEPLOYMENT_TARGET = 26.2;
				MARKETING_VERSION = 1.0;
				PRODUCT_BUNDLE_IDENTIFIER = com.glosos.glososmacostests;
				PRODUCT_NAME = "$(TARGET_NAME)";
				STRING_CATALOG_GENERATE_SYMBOLS = NO;
				SWIFT_APPROACHABLE_CONCURRENCY = YES;
				SWIFT_EMIT_LOC_STRINGS = NO;
				SWIFT_UPCOMING_FEATURE_MEMBER_IMPORT_VISIBILITY = YES;
				SWIFT_VERSION = 5.0;
				TEST_HOST = "$(BUILT_PRODUCTS_DIR)/glosos-macOS.app/$(BUNDLE_EXECUTABLE_FOLDER_PATH)/glosos-macOS";
			};
			name = Debug;
		};
		1EF1C6132FD0B8620011923D /* Release */ = {
			isa = XCBuildConfiguration;
			buildSettings = {
				BUNDLE_LOADER = "$(TEST_HOST)";
				CODE_SIGN_STYLE = Automatic;
				CURRENT_PROJECT_VERSION = 1;
				DEVELOPMENT_TEAM = X5WN5QWLF8;
				GENERATE_INFOPLIST_FILE = YES;
				MACOSX_DEPLOYMENT_TARGET = 26.2;
				MARKETING_VERSION = 1.0;
				PRODUCT_BUNDLE_IDENTIFIER = com.glosos.glososmacostests;
				PRODUCT_NAME = "$(TARGET_NAME)";
				STRING_CATALOG_GENERATE_SYMBOLS = NO;
				SWIFT_APPROACHABLE_CONCURRENCY = YES;
				SWIFT_EMIT_LOC_STRINGS = NO;
				SWIFT_UPCOMING_FEATURE_MEMBER_IMPORT_VISIBILITY = YES;
				SWIFT_VERSION = 5.0;
				TEST_HOST = "$(BUILT_PRODUCTS_DIR)/glosos-macOS.app/$(BUNDLE_EXECUTABLE_FOLDER_PATH)/glosos-macOS";
			};
			name = Release;
		};
/* End XCBuildConfiguration section */

/* Begin XCConfigurationList section */
		1EF1C5E82FD0B8610011923D /* Build configuration list for PBXProject "glosos-macOS" */ = {
			isa = XCConfigurationList;
			buildConfigurations = (
				1EF1C60C2FD0B8620011923D /* Debug */,
				1EF1C60D2FD0B8620011923D /* Release */,
			);
			defaultConfigurationIsVisible = 0;
			defaultConfigurationName = Release;
		};
		1EF1C60E2FD0B8620011923D /* Build configuration list for PBXNativeTarget "glosos-macOS" */ = {
			isa = XCConfigurationList;
			buildConfigurations = (
				1EF1C60F2FD0B8620011923D /* Debug */,
				1EF1C6102FD0B8620011923D /* Release */,
			);
			defaultConfigurationIsVisible = 0;
			defaultConfigurationName = Release;
		};
		1EF1C6112FD0B8620011923D /* Build configuration list for PBXNativeTarget "glosos-macOSTests" */ = {
			isa = XCConfigurationList;
			buildConfigurations = (
				1EF1C6122FD0B8620011923D /* Debug */,
				1EF1C6132FD0B8620011923D /* Release */,
			);
			defaultConfigurationIsVisible = 0;
			defaultConfigurationName = Release;
		};
/* End XCConfigurationList section */

/* Begin XCRemoteSwiftPackageReference section */
		B10000012FE0000000000021 /* XCRemoteSwiftPackageReference "containerization" */ = {
			isa = XCRemoteSwiftPackageReference;
			repositoryURL = "https://github.com/apple/containerization.git";
			requirement = {
				kind = exactVersion;
				version = 0.33.4;
			};
		};
		F0A1B2C32FD6000000000021 /* XCRemoteSwiftPackageReference "mlx-audio-swift" */ = {
			isa = XCRemoteSwiftPackageReference;
			repositoryURL = "https://github.com/Blaizzy/mlx-audio-swift.git";
			requirement = {
				branch = main;
				kind = branch;
			};
		};
		F0A1B2C32FD6000000000022 /* XCRemoteSwiftPackageReference "swift-huggingface" */ = {
			isa = XCRemoteSwiftPackageReference;
			repositoryURL = "https://github.com/huggingface/swift-huggingface.git";
			requirement = {
				kind = upToNextMajorVersion;
				minimumVersion = 0.9.0;
			};
		};
/* End XCRemoteSwiftPackageReference section */

/* Begin XCSwiftPackageProductDependency section */
		B10000012FE0000000000011 /* Containerization */ = {
			isa = XCSwiftPackageProductDependency;
			package = B10000012FE0000000000021 /* XCRemoteSwiftPackageReference "containerization" */;
			productName = Containerization;
		};
		B10000012FE0000000000012 /* ContainerizationArchive */ = {
			isa = XCSwiftPackageProductDependency;
			package = B10000012FE0000000000021 /* XCRemoteSwiftPackageReference "containerization" */;
			productName = ContainerizationArchive;
		};
		B10000012FE0000000000013 /* ContainerizationExtras */ = {
			isa = XCSwiftPackageProductDependency;
			package = B10000012FE0000000000021 /* XCRemoteSwiftPackageReference "containerization" */;
			productName = ContainerizationExtras;
		};
		F0A1B2C32FD6000000000011 /* MLXAudioCore */ = {
			isa = XCSwiftPackageProductDependency;
			package = F0A1B2C32FD6000000000021 /* XCRemoteSwiftPackageReference "mlx-audio-swift" */;
			productName = MLXAudioCore;
		};
		F0A1B2C32FD6000000000012 /* MLXAudioVAD */ = {
			isa = XCSwiftPackageProductDependency;
			package = F0A1B2C32FD6000000000021 /* XCRemoteSwiftPackageReference "mlx-audio-swift" */;
			productName = MLXAudioVAD;
		};
		F0A1B2C32FD6000000000013 /* HuggingFace */ = {
			isa = XCSwiftPackageProductDependency;
			package = F0A1B2C32FD6000000000022 /* XCRemoteSwiftPackageReference "swift-huggingface" */;
			productName = HuggingFace;
		};
/* End XCSwiftPackageProductDependency section */
	};
	rootObject = 1EF1C5E52FD0B8610011923D /* Project object */;
}
